// !$*UTF8*$!
{
	archiveVersion = 1;
	classes = {
	};
	objectVersion = 46;
	objects = {

/* Begin PBXBuildFile section */
		F40FBB801C5F1D3A00694F59 /* AppDelegate.swift in Sources */ = {isa = PBXBuildFile; fileRef = F40FBB7F1C5F1D3A00694F59 /* AppDelegate.swift */; };
		F40FBB821C5F1D3A00694F59 /* ViewController.swift in Sources */ = {isa = PBXBuildFile; fileRef = F40FBB811C5F1D3A00694F59 /* ViewController.swift */; };
		F40FBB851C5F1D3B00694F59 /* Main.storyboard in Resources */ = {isa = PBXBuildFile; fileRef = F40FBB831C5F1D3B00694F59 /* Main.storyboard */; };
		F40FBB871C5F1D3B00694F59 /* Assets.xcassets in Resources */ = {isa = PBXBuildFile; fileRef = F40FBB861C5F1D3B00694F59 /* Assets.xcassets */; };
		F40FBB8A1C5F1D3B00694F59 /* LaunchScreen.storyboard in Resources */ = {isa = PBXBuildFile; fileRef = F40FBB881C5F1D3B00694F59 /* LaunchScreen.storyboard */; };
/* End PBXBuildFile section */

/* Begin PBXFileReference section */
		F40FBB7C1C5F1D3A00694F59 /* CoreImageDemo.app */ = {isa = PBXFileReference; explicitFileType = wrapper.application; includeInIndex = 0; path = CoreImageDemo.app; sourceTree = BUILT_PRODUCTS_DIR; };
		F40FBB7F1C5F1D3A00694F59 /* AppDelegate.swift */ = {isa = PBXFileReference; lastKnownFileType = sourcecode.swift; path = AppDelegate.swift; sourceTree = "<group>"; };
		F40FBB811C5F1D3A00694F59 /* ViewController.swift */ = {isa = PBXFileReference; lastKnownFileType = sourcecode.swift; path = ViewController.swift; sourceTree = "<group>"; };
		F40FBB841C5F1D3B00694F59 /* Base */ = {isa = PBXFileReference; lastKnownFileType = file.storyboard; name = Base; path = Base.lproj/Main.storyboard; sourceTree = "<group>"; };
		F40FBB861C5F1D3B00694F59 /* Assets.xcassets */ = {isa = PBXFileReference; lastKnownFileType = folder.assetcatalog; path = Assets.xcassets; sourceTree = "<group>"; };
		F40FBB891C5F1D3B00694F59 /* Base */ = {isa = PBXFileReference; lastKnownFileType = file.storyboard; name = Base; path = Base.lproj/LaunchScreen.storyboard; sourceTree = "<group>"; };
		F40FBB8B1C5F1D3B00694F59 /* Info.plist */ = {isa = PBXFileReference; lastKnownFileType = text.plist.xml; path = Info.plist; sourceTree = "<group>"; };
/* End PBXFileReference section */

/* Begin PBXFrameworksBuildPhase section */
		F40FBB791C5F1D3A00694F59 /* Frameworks */ = {
			isa = PBXFrameworksBuildPhase;
			buildActionMask = 2147483647;
			files = (
			);
			runOnlyForDeploymentPostprocessing = 0;
		};
/* End PBXFrameworksBuildPhase section */

/* Begin PBXGroup section */
		F40FBB731C5F1D3A00694F59 = {
			isa = PBXGroup;
			children = (
				F40FBB7E1C5F1D3A00694F59 /* CoreImageDemo */,
				F40FBB7D1C5F1D3A00694F59 /* Products */,
			);
			sourceTree = "<group>";
		};
		F40FBB7D1C5F1D3A00694F59 /* Products */ = {
			isa = PBXGroup;
			children = (
				F40FBB7C1C5F1D3A00694F59 /* CoreImageDemo.app */,
			);
			name = Products;
			sourceTree = "<group>";
		};
		F40FBB7E1C5F1D3A00694F59 /* CoreImageDemo */ = {
			isa = PBXGroup;
			children = (
				F40FBB7F1C5F1D3A00694F59 /* AppDelegate.swift */,
				F40FBB811C5F1D3A00694F59 /* ViewController.swift */,
				F40FBB831C5F1D3B00694F59 /* Main.storyboard */,
				F40FBB861C5F1D3B00694F59 /* Assets.xcassets */,
				F40FBB881C5F1D3B00694F59 /* LaunchScreen.storyboard */,
				F40FBB8B1C5F1D3B00694F59 /* Info.plist */,
			);
			path = CoreImageDemo;
			sourceTree = "<group>";
		};
/* End PBXGroup section */

/* Begin PBXNativeTarget section */
		F40FBB7B1C5F1D3A00694F59 /* CoreImageDemo */ = {
			isa = PBXNativeTarget;
			buildConfigurationList = F40FBB8E1C5F1D3B00694F59 /* Build configuration list for PBXNativeTarget "CoreImageDemo" */;
			buildPhases = (
				F40FBB781C5F1D3A00694F59 /* Sources */,
				F40FBB791C5F1D3A00694F59 /* Frameworks */,
				F40FBB7A1C5F1D3A00694F59 /* Resources */,
			);
			buildRules = (
			);
			dependencies = (
			);
			name = CoreImageDemo;
			productName = CoreImageDemo;
			productReference = F40FBB7C1C5F1D3A00694F59 /* CoreImageDemo.app */;
			productType = "com.apple.product-type.application";
		};
/* End PBXNativeTarget section */

/* Begin PBXProject section */
		F40FBB741C5F1D3A00694F59 /* Project object */ = {
			isa = PBXProject;
			attributes = {
				LastSwiftUpdateCheck = 0720;
				LastUpgradeCheck = 0720;
				ORGANIZATIONNAME = AppCoda;
				TargetAttributes = {
					F40FBB7B1C5F1D3A00694F59 = {
						CreatedOnToolsVersion = 7.2;
					};
				};
			};
			buildConfigurationList = F40FBB771C5F1D3A00694F59 /* Build configuration list for PBXProject "CoreImageDemo" */;
			compatibilityVersion = "Xcode 3.2";
			developmentRegion = English;
			hasScannedForEncodings = 0;
			knownRegions = (
				en,
				Base,
			);
			mainGroup = F40FBB731C5F1D3A00694F59;
			productRefGroup = F40FBB7D1C5F1D3A00694F59 /* Products */;
			projectDirPath = "";
			projectRoot = "";
			targets = (
				F40FBB7B1C5F1D3A00694F59 /* CoreImageDemo */,
			);
		};
/* End PBXProject section */

/* Begin PBXResourcesBuildPhase section */
		F40FBB7A1C5F1D3A00694F59 /* Resources */ = {
			isa = PBXResourcesBuildPhase;
			buildActionMask = 2147483647;
			files = (
				F40FBB8A1C5F1D3B00694F59 /* LaunchScreen.storyboard in Resources */,
				F40FBB871C5F1D3B00694F59 /* Assets.xcassets in Resources */,
				F40FBB851C5F1D3B00694F59 /* Main.storyboard in Resources */,
			);
			runOnlyForDeploymentPostprocessing = 0;
		};
/* End PBXResourcesBuildPhase section */

/* Begin PBXSourcesBuildPhase section */
		F40FBB781C5F1D3A00694F59 /* Sources */ = {
			isa = PBXSourcesBuildPhase;
			buildActionMask = 2147483647;
			files = (
				F40FBB821C5F1D3A00694F59 /* ViewController.swift in Sources */,
				F40FBB801C5F1D3A00694F59 /* AppDelegate.swift in Sources */,
			);
			runOnlyForDeploymentPostprocessing = 0;
		};
/* End PBXSourcesBuildPhase section */

/* Begin PBXVariantGroup section */
		F40FBB831C5F1D3B00694F59 /* Main.storyboard */ = {
			isa = PBXVariantGroup;
			children = (
				F40FBB841C5F1D3B00694F59 /* Base */,
			);
			name = Main.storyboard;
			sourceTree = "<group>";
		};
		F40FBB881C5F1D3B00694F59 /* LaunchScreen.storyboard */ = {
			isa = PBXVariantGroup;
			children = (
				F40FBB891C5F1D3B00694F59 /* Base */,
			);
			name = LaunchScreen.storyboard;
			sourceTree = "<group>";
		};
/* End PBXVariantGroup section */

/* Begin XCBuildConfiguration section */
		F40FBB8C1C5F1D3B00694F59 /* Debug */ = {
			isa = XCBuildConfiguration;
			buildSettings = {
				ALWAYS_SEARCH_USER_PATHS = NO;
				CLANG_CXX_LANGUAGE_STANDARD = "gnu++0x";
				CLANG_CXX_LIBRARY = "libc++";
				CLANG_ENABLE_MODULES = YES;
				CLANG_ENABLE_OBJC_ARC = YES;
				CLANG_WARN_BOOL_CONVERSION = YES;
				CLANG_WARN_CONSTANT_CONVERSION = YES;
				CLANG_WARN_DIRECT_OBJC_ISA_USAGE = YES_ERROR;
				CLANG_WARN_EMPTY_BODY = YES;
				CLANG_WARN_ENUM_CONVERSION = YES;
				CLANG_WARN_INT_CONVERSION = YES;
				CLANG_WARN_OBJC_ROOT_CLASS = YES_ERROR;
				CLANG_WARN_UNREACHABLE_CODE = YES;
				CLANG_WARN__DUPLICATE_METHOD_MATCH = YES;
				"CODE_SIGN_IDENTITY[sdk=iphoneos*]" = "iPhone Developer";
				COPY_PHASE_STRIP = NO;
				DEBUG_INFORMATION_FORMAT = dwarf;
				ENABLE_STRICT_OBJC_MSGSEND = YES;
				ENABLE_TESTABILITY = YES;
				GCC_C_LANGUAGE_STANDARD = gnu99;
				GCC_DYNAMIC_NO_PIC = NO;
				GCC_NO_COMMON_BLOCKS = YES;
				GCC_OPTIMIZATION_LEVEL = 0;
				GCC_PREPROCESSOR_DEFINITIONS = (
					"DEBUG=1",
					"$(inherited)",
				);
				GCC_WARN_64_TO_32_BIT_CONVERSION = YES;
				GCC_WARN_ABOUT_RETURN_TYPE = YES_ERROR;
				GCC_WARN_UNDECLARED_SELECTOR = YES;
				GCC_WARN_UNINITIALIZED_AUTOS = YES_AGGRESSIVE;
				GCC_WARN_UNUSED_FUNCTION = YES;
				GCC_WARN_UNUSED_VARIABLE = YES;
				IPHONEOS_DEPLOYMENT_TARGET = 9.2;
				MTL_ENABLE_DEBUG_INFO = YES;
				ONLY_ACTIVE_ARCH = YES;
				SDKROOT = iphoneos;
				SWIFT_OPTIMIZATION_LEVEL = "-Onone";
				TARGETED_DEVICE_FAMILY = "1,2";
			};
			name = Debug;
		};
		F40FBB8D1C5F1D3B00694F59 /* Release */ = {
			isa = XCBuildConfiguration;
			buildSettings = {
				ALWAYS_SEARCH_USER_PATHS = NO;
				CLANG_CXX_LANGUAGE_STANDARD = "gnu++0x";
				CLANG_CXX_LIBRARY = "libc++";
				CLANG_ENABLE_MODULES = YES;
				CLANG_ENABLE_OBJC_ARC = YES;
				CLANG_WARN_BOOL_CONVERSION = YES;
				CLANG_WARN_CONSTANT_CONVERSION = YES;
				CLANG_WARN_DIRECT_OBJC_ISA_USAGE = YES_ERROR;
				CLANG_WARN_EMPTY_BODY = YES;
				CLANG_WARN_ENUM_CONVERSION = YES;
				CLANG_WARN_INT_CONVERSION = YES;
				CLANG_WARN_OBJC_ROOT_CLASS = YES_ERROR;
				CLANG_WARN_UNREACHABLE_CODE = YES;
				CLANG_WARN__DUPLICATE_METHOD_MATCH = YES;
				"CODE_SIGN_IDENTITY[sdk=iphoneos*]" = "iPhone Developer";
				COPY_PHASE_STRIP = NO;
				DEBUG_INFORMATION_FORMAT = "dwarf-with-dsym";
				ENABLE_NS_ASSERTIONS = NO;
				ENABLE_STRICT_OBJC_MSGSEND = YES;
				GCC_C_LANGUAGE_STANDARD = gnu99;
				GCC_NO_COMMON_BLOCKS = YES;
				GCC_WARN_64_TO_32_BIT_CONVERSION = YES;
				GCC_WARN_ABOUT_RETURN_TYPE = YES_ERROR;
				GCC_WARN_UNDECLARED_SELECTOR = YES;
				GCC_WARN_UNINITIALIZED_AUTOS = YES_AGGRESSIVE;
				GCC_WARN_UNUSED_FUNCTION = YES;
				GCC_WARN_UNUSED_VARIABLE = YES;
				IPHONEOS_DEPLOYMENT_TARGET = 9.2;
				MTL_ENABLE_DEBUG_INFO = NO;
				SDKROOT = iphoneos;
				TARGETED_DEVICE_FAMILY = "1,2";
				VALIDATE_PRODUCT = YES;
			};
			name = Release;
		};
		F40FBB8F1C5F1D3B00694F59 /* Debug */ = {
			isa = XCBuildConfiguration;
			buildSettings = {
				ASSETCATALOG_COMPILER_APPICON_NAME = AppIcon;
				INFOPLIST_FILE = CoreImageDemo/Info.plist;
				LD_RUNPATH_SEARCH_PATHS = "$(inherited) @executable_path/Frameworks";
				PRODUCT_BUNDLE_IDENTIFIER = com.appcoda.CoreImageDemo;
				PRODUCT_NAME = "$(TARGET_NAME)";
			};
			name = Debug;
		};
		F40FBB901C5F1D3B00694F59 /* Release */ = {
			isa = XCBuildConfiguration;
			buildSettings = {
				ASSETCATALOG_COMPILER_APPICON_NAME = AppIcon;
				INFOPLIST_FILE = CoreImageDemo/Info.plist;
				LD_RUNPATH_SEARCH_PATHS = "$(inherited) @executable_path/Frameworks";
				PRODUCT_BUNDLE_IDENTIFIER = com.appcoda.CoreImageDemo;
				PRODUCT_NAME = "$(TARGET_NAME)";
			};
			name = Release;
		};
/* End XCBuildConfiguration section */

/* Begin XCConfigurationList section */
		F40FBB771C5F1D3A00694F59 /* Build configuration list for PBXProject "CoreImageDemo" */ = {
			isa = XCConfigurationList;
			buildConfigurations = (
				F40FBB8C1C5F1D3B00694F59 /* Debug */,
				F40FBB8D1C5F1D3B00694F59 /* Release */,
			);
			defaultConfigurationIsVisible = 0;
			defaultConfigurationName = Release;
		};
		F40FBB8E1C5F1D3B00694F59 /* Build configuration list for PBXNativeTarget "CoreImageDemo" */ = {
			isa = XCConfigurationList;
			buildConfigurations = (
				F40FBB8F1C5F1D3B00694F59 /* Debug */,
				F40FBB901C5F1D3B00694F59 /* Release */,
			);
			defaultConfigurationIsVisible = 0;
		};
/* End XCConfigurationList section */
	};
	rootObject = F40FBB741C5F1D3A00694F59 /* Project object */;
}
